// !$*UTF8*$!
{
	archiveVersion = 1;
	classes = {
	};
	objectVersion = 56;
	objects = {

/* Begin PBXBuildFile section */
		3A17E63F2B76AE91002EE2C1 /* AppDelegate.swift in Sources */ = {isa = PBXBuildFile; fileRef = 3A17E63E2B76AE91002EE2C1 /* AppDelegate.swift */; };
		3A17E6412B76AE91002EE2C1 /* SceneDelegate.swift in Sources */ = {isa = PBXBuildFile; fileRef = 3A17E6402B76AE91002EE2C1 /* SceneDelegate.swift */; };
		3A17E6432B76AE91002EE2C1 /* DashboardViewController.swift in Sources */ = {isa = PBXBuildFile; fileRef = 3A17E6422B76AE91002EE2C1 /* DashboardViewController.swift */; };
		3A17E6482B76AE93002EE2C1 /* Assets.xcassets in Resources */ = {isa = PBXBuildFile; fileRef = 3A17E6472B76AE93002EE2C1 /* Assets.xcassets */; };
		3A17E64B2B76AE93002EE2C1 /* LaunchScreen.storyboard in Resources */ = {isa = PBXBuildFile; fileRef = 3A17E6492B76AE93002EE2C1 /* LaunchScreen.storyboard */; };
		3A17E6542B76C129002EE2C1 /* Coordinator.swift in Sources */ = {isa = PBXBuildFile; fileRef = 3A17E6532B76C129002EE2C1 /* Coordinator.swift */; };
		3A17E6562B76C1B2002EE2C1 /* MainCoordinator.swift in Sources */ = {isa = PBXBuildFile; fileRef = 3A17E6552B76C1B2002EE2C1 /* MainCoordinator.swift */; };
		3A17E65A2B76C624002EE2C1 /* BaseViewController.swift in Sources */ = {isa = PBXBuildFile; fileRef = 3A17E6592B76C624002EE2C1 /* BaseViewController.swift */; };
		3A17E65D2B76C8D2002EE2C1 /* BalanceComponent.swift in Sources */ = {isa = PBXBuildFile; fileRef = 3A17E65C2B76C8D2002EE2C1 /* BalanceComponent.swift */; };
		3A17E6612B76D455002EE2C1 /* Avatar.swift in Sources */ = {isa = PBXBuildFile; fileRef = 3A17E6602B76D455002EE2C1 /* Avatar.swift */; };
		3A6749742B81118D00DF645C /* RxCocoa in Frameworks */ = {isa = PBXBuildFile; productRef = 3A6749732B81118D00DF645C /* RxCocoa */; };
		3A6749782B81118D00DF645C /* RxRelay in Frameworks */ = {isa = PBXBuildFile; productRef = 3A6749772B81118D00DF645C /* RxRelay */; };
		3A67497C2B81118D00DF645C /* RxSwift in Frameworks */ = {isa = PBXBuildFile; productRef = 3A67497B2B81118D00DF645C /* RxSwift */; };
		3A6749822B81122A00DF645C /* BalanceComponentViewModel.swift in Sources */ = {isa = PBXBuildFile; fileRef = 3A6749812B81122A00DF645C /* BalanceComponentViewModel.swift */; };
		3A6749842B81123A00DF645C /* ViewModel.swift in Sources */ = {isa = PBXBuildFile; fileRef = 3A6749832B81123A00DF645C /* ViewModel.swift */; };
		3A6749862B8117FB00DF645C /* DashboardViewModel.swift in Sources */ = {isa = PBXBuildFile; fileRef = 3A6749852B8117FB00DF645C /* DashboardViewModel.swift */; };
		3A6749882B8125BD00DF645C /* UIView+NSLayoutConstraint.swift in Sources */ = {isa = PBXBuildFile; fileRef = 3A6749872B8125BD00DF645C /* UIView+NSLayoutConstraint.swift */; };
		3AA22F5F2B791B87000AA6F9 /* OverviewComponent.swift in Sources */ = {isa = PBXBuildFile; fileRef = 3AA22F5E2B791B87000AA6F9 /* OverviewComponent.swift */; };
		3AA22F652B793880000AA6F9 /* IncomeComponent.swift in Sources */ = {isa = PBXBuildFile; fileRef = 3AA22F642B793880000AA6F9 /* IncomeComponent.swift */; };
		3ACDE04A2B77A3B6007D8331 /* UIView+Curved.swift in Sources */ = {isa = PBXBuildFile; fileRef = 3ACDE0492B77A3B6007D8331 /* UIView+Curved.swift */; };
/* End PBXBuildFile section */

/* Begin PBXFileReference section */
		3A17E63B2B76AE91002EE2C1 /* myfinance.app */ = {isa = PBXFileReference; explicitFileType = wrapper.application; includeInIndex = 0; path = myfinance.app; sourceTree = BUILT_PRODUCTS_DIR; };
		3A17E63E2B76AE91002EE2C1 /* AppDelegate.swift */ = {isa = PBXFileReference; lastKnownFileType = sourcecode.swift; path = AppDelegate.swift; sourceTree = "<group>"; };
		3A17E6402B76AE91002EE2C1 /* SceneDelegate.swift */ = {isa = PBXFileReference; lastKnownFileType = sourcecode.swift; path = SceneDelegate.swift; sourceTree = "<group>"; };
		3A17E6422B76AE91002EE2C1 /* DashboardViewController.swift */ = {isa = PBXFileReference; lastKnownFileType = sourcecode.swift; path = DashboardViewController.swift; sourceTree = "<group>"; };
		3A17E6472B76AE93002EE2C1 /* Assets.xcassets */ = {isa = PBXFileReference; lastKnownFileType = folder.assetcatalog; path = Assets.xcassets; sourceTree = "<group>"; };
		3A17E64A2B76AE93002EE2C1 /* Base */ = {isa = PBXFileReference; lastKnownFileType = file.storyboard; name = Base; path = Base.lproj/LaunchScreen.storyboard; sourceTree = "<group>"; };
		3A17E64C2B76AE93002EE2C1 /* Info.plist */ = {isa = PBXFileReference; lastKnownFileType = text.plist.xml; path = Info.plist; sourceTree = "<group>"; };
		3A17E6532B76C129002EE2C1 /* Coordinator.swift */ = {isa = PBXFileReference; lastKnownFileType = sourcecode.swift; path = Coordinator.swift; sourceTree = "<group>"; };
		3A17E6552B76C1B2002EE2C1 /* MainCoordinator.swift */ = {isa = PBXFileReference; lastKnownFileType = sourcecode.swift; path = MainCoordinator.swift; sourceTree = "<group>"; };
		3A17E6592B76C624002EE2C1 /* BaseViewController.swift */ = {isa = PBXFileReference; lastKnownFileType = sourcecode.swift; path = BaseViewController.swift; sourceTree = "<group>"; };
		3A17E65C2B76C8D2002EE2C1 /* BalanceComponent.swift */ = {isa = PBXFileReference; lastKnownFileType = sourcecode.swift; path = BalanceComponent.swift; sourceTree = "<group>"; };
		3A17E6602B76D455002EE2C1 /* Avatar.swift */ = {isa = PBXFileReference; lastKnownFileType = sourcecode.swift; path = Avatar.swift; sourceTree = "<group>"; };
		3A6749812B81122A00DF645C /* BalanceComponentViewModel.swift */ = {isa = PBXFileReference; lastKnownFileType = sourcecode.swift; path = BalanceComponentViewModel.swift; sourceTree = "<group>"; };
		3A6749832B81123A00DF645C /* ViewModel.swift */ = {isa = PBXFileReference; lastKnownFileType = sourcecode.swift; path = ViewModel.swift; sourceTree = "<group>"; };
		3A6749852B8117FB00DF645C /* DashboardViewModel.swift */ = {isa = PBXFileReference; lastKnownFileType = sourcecode.swift; path = DashboardViewModel.swift; sourceTree = "<group>"; };
		3A6749872B8125BD00DF645C /* UIView+NSLayoutConstraint.swift */ = {isa = PBXFileReference; lastKnownFileType = sourcecode.swift; path = "UIView+NSLayoutConstraint.swift"; sourceTree = "<group>"; };
		3AA22F5E2B791B87000AA6F9 /* OverviewComponent.swift */ = {isa = PBXFileReference; lastKnownFileType = sourcecode.swift; path = OverviewComponent.swift; sourceTree = "<group>"; };
		3AA22F642B793880000AA6F9 /* IncomeComponent.swift */ = {isa = PBXFileReference; lastKnownFileType = sourcecode.swift; path = IncomeComponent.swift; sourceTree = "<group>"; };
		3ACDE0492B77A3B6007D8331 /* UIView+Curved.swift */ = {isa = PBXFileReference; lastKnownFileType = sourcecode.swift; path = "UIView+Curved.swift"; sourceTree = "<group>"; };
/* End PBXFileReference section */

/* Begin PBXFrameworksBuildPhase section */
		3A17E6382B76AE91002EE2C1 /* Frameworks */ = {
			isa = PBXFrameworksBuildPhase;
			buildActionMask = 2147483647;
			files = (
				3A6749782B81118D00DF645C /* RxRelay in Frameworks */,
				3A67497C2B81118D00DF645C /* RxSwift in Frameworks */,
				3A6749742B81118D00DF645C /* RxCocoa in Frameworks */,
			);
			runOnlyForDeploymentPostprocessing = 0;
		};
/* End PBXFrameworksBuildPhase section */

/* Begin PBXGroup section */
		3A17E6322B76AE91002EE2C1 = {
			isa = PBXGroup;
			children = (
				3A17E63D2B76AE91002EE2C1 /* myfinance */,
				3A17E63C2B76AE91002EE2C1 /* Products */,
			);
			sourceTree = "<group>";
		};
		3A17E63C2B76AE91002EE2C1 /* Products */ = {
			isa = PBXGroup;
			children = (
				3A17E63B2B76AE91002EE2C1 /* myfinance.app */,
			);
			name = Products;
			sourceTree = "<group>";
		};
		3A17E63D2B76AE91002EE2C1 /* myfinance */ = {
			isa = PBXGroup;
			children = (
				3A17E6522B76C0ED002EE2C1 /* Utilities */,
				3A17E6572B76C3D5002EE2C1 /* View */,
				3A67497F2B81120B00DF645C /* ViewModel */,
				3A17E63E2B76AE91002EE2C1 /* AppDelegate.swift */,
				3A17E6552B76C1B2002EE2C1 /* MainCoordinator.swift */,
				3A17E6402B76AE91002EE2C1 /* SceneDelegate.swift */,
				3A17E6472B76AE93002EE2C1 /* Assets.xcassets */,
				3A17E6492B76AE93002EE2C1 /* LaunchScreen.storyboard */,
				3A17E64C2B76AE93002EE2C1 /* Info.plist */,
			);
			path = myfinance;
			sourceTree = "<group>";
		};
		3A17E6522B76C0ED002EE2C1 /* Utilities */ = {
			isa = PBXGroup;
			children = (
				3ACDE0482B77A38D007D8331 /* UIView+Extensions */,
				3A17E6532B76C129002EE2C1 /* Coordinator.swift */,
				3A17E6592B76C624002EE2C1 /* BaseViewController.swift */,
				3A6749832B81123A00DF645C /* ViewModel.swift */,
			);
			path = Utilities;
			sourceTree = "<group>";
		};
		3A17E6572B76C3D5002EE2C1 /* View */ = {
			isa = PBXGroup;
			children = (
				3A17E6582B76C4B7002EE2C1 /* Dashboard */,
			);
			path = View;
			sourceTree = "<group>";
		};
		3A17E6582B76C4B7002EE2C1 /* Dashboard */ = {
			isa = PBXGroup;
			children = (
				3A17E65B2B76C7FE002EE2C1 /* Components */,
				3A17E6422B76AE91002EE2C1 /* DashboardViewController.swift */,
			);
			path = Dashboard;
			sourceTree = "<group>";
		};
		3A17E65B2B76C7FE002EE2C1 /* Components */ = {
			isa = PBXGroup;
			children = (
				3AA22F602B791C0B000AA6F9 /* BalanceComponent */,
				3AA22F612B791C16000AA6F9 /* OverviewComponent */,
			);
			path = Components;
			sourceTree = "<group>";
		};
		3A67497F2B81120B00DF645C /* ViewModel */ = {
			isa = PBXGroup;
			children = (
				3A6749802B81121900DF645C /* Components */,
				3A6749852B8117FB00DF645C /* DashboardViewModel.swift */,
			);
			path = ViewModel;
			sourceTree = "<group>";
		};
		3A6749802B81121900DF645C /* Components */ = {
			isa = PBXGroup;
			children = (
				3A6749812B81122A00DF645C /* BalanceComponentViewModel.swift */,
			);
			path = Components;
			sourceTree = "<group>";
		};
		3AA22F602B791C0B000AA6F9 /* BalanceComponent */ = {
			isa = PBXGroup;
			children = (
				3A17E65C2B76C8D2002EE2C1 /* BalanceComponent.swift */,
				3A17E6602B76D455002EE2C1 /* Avatar.swift */,
			);
			path = BalanceComponent;
			sourceTree = "<group>";
		};
		3AA22F612B791C16000AA6F9 /* OverviewComponent */ = {
			isa = PBXGroup;
			children = (
				3AA22F5E2B791B87000AA6F9 /* OverviewComponent.swift */,
				3AA22F642B793880000AA6F9 /* IncomeComponent.swift */,
			);
			path = OverviewComponent;
			sourceTree = "<group>";
		};
		3ACDE0482B77A38D007D8331 /* UIView+Extensions */ = {
			isa = PBXGroup;
			children = (
				3ACDE0492B77A3B6007D8331 /* UIView+Curved.swift */,
				3A6749872B8125BD00DF645C /* UIView+NSLayoutConstraint.swift */,
			);
			path = "UIView+Extensions";
			sourceTree = "<group>";
		};
/* End PBXGroup section */

/* Begin PBXNativeTarget section */
		3A17E63A2B76AE91002EE2C1 /* myfinance */ = {
			isa = PBXNativeTarget;
			buildConfigurationList = 3A17E64F2B76AE93002EE2C1 /* Build configuration list for PBXNativeTarget "myfinance" */;
			buildPhases = (
				3A17E6372B76AE91002EE2C1 /* Sources */,
				3A17E6382B76AE91002EE2C1 /* Frameworks */,
				3A17E6392B76AE91002EE2C1 /* Resources */,
			);
			buildRules = (
			);
			dependencies = (
			);
			name = myfinance;
			packageProductDependencies = (
				3A6749732B81118D00DF645C /* RxCocoa */,
				3A6749772B81118D00DF645C /* RxRelay */,
				3A67497B2B81118D00DF645C /* RxSwift */,
			);
			productName = myfinance;
			productReference = 3A17E63B2B76AE91002EE2C1 /* myfinance.app */;
			productType = "com.apple.product-type.application";
		};
/* End PBXNativeTarget section */

/* Begin PBXProject section */
		3A17E6332B76AE91002EE2C1 /* Project object */ = {
			isa = PBXProject;
			attributes = {
				BuildIndependentTargetsInParallel = 1;
				LastSwiftUpdateCheck = 1520;
				LastUpgradeCheck = 1520;
				TargetAttributes = {
					3A17E63A2B76AE91002EE2C1 = {
						CreatedOnToolsVersion = 15.2;
					};
				};
			};
			buildConfigurationList = 3A17E6362B76AE91002EE2C1 /* Build configuration list for PBXProject "myfinance" */;
			compatibilityVersion = "Xcode 14.0";
			developmentRegion = en;
			hasScannedForEncodings = 0;
			knownRegions = (
				en,
				Base,
			);
			mainGroup = 3A17E6322B76AE91002EE2C1;
			packageReferences = (
				3A6749722B81118D00DF645C /* XCRemoteSwiftPackageReference "RxSwift" */,
			);
			productRefGroup = 3A17E63C2B76AE91002EE2C1 /* Products */;
			projectDirPath = "";
			projectRoot = "";
			targets = (
				3A17E63A2B76AE91002EE2C1 /* myfinance */,
			);
		};
/* End PBXProject section */

/* Begin PBXResourcesBuildPhase section */
		3A17E6392B76AE91002EE2C1 /* Resources */ = {
			isa = PBXResourcesBuildPhase;
			buildActionMask = 2147483647;
			files = (
				3A17E64B2B76AE93002EE2C1 /* LaunchScreen.storyboard in Resources */,
				3A17E6482B76AE93002EE2C1 /* Assets.xcassets in Resources */,
			);
			runOnlyForDeploymentPostprocessing = 0;
		};
/* End PBXResourcesBuildPhase section */

/* Begin PBXSourcesBuildPhase section */
		3A17E6372B76AE91002EE2C1 /* Sources */ = {
			isa = PBXSourcesBuildPhase;
			buildActionMask = 2147483647;
			files = (
				3A6749882B8125BD00DF645C /* UIView+NSLayoutConstraint.swift in Sources */,
				3A17E6542B76C129002EE2C1 /* Coordinator.swift in Sources */,
				3A17E6432B76AE91002EE2C1 /* DashboardViewController.swift in Sources */,
				3A17E63F2B76AE91002EE2C1 /* AppDelegate.swift in Sources */,
				3A17E6562B76C1B2002EE2C1 /* MainCoordinator.swift in Sources */,
				3A17E6412B76AE91002EE2C1 /* SceneDelegate.swift in Sources */,
				3A17E65D2B76C8D2002EE2C1 /* BalanceComponent.swift in Sources */,
				3A6749842B81123A00DF645C /* ViewModel.swift in Sources */,
				3A17E6612B76D455002EE2C1 /* Avatar.swift in Sources */,
				3ACDE04A2B77A3B6007D8331 /* UIView+Curved.swift in Sources */,
				3AA22F652B793880000AA6F9 /* IncomeComponent.swift in Sources */,
				3AA22F5F2B791B87000AA6F9 /* OverviewComponent.swift in Sources */,
				3A17E65A2B76C624002EE2C1 /* BaseViewController.swift in Sources */,
				3A6749822B81122A00DF645C /* BalanceComponentViewModel.swift in Sources */,
				3A6749862B8117FB00DF645C /* DashboardViewModel.swift in Sources */,
			);
			runOnlyForDeploymentPostprocessing = 0;
		};
/* End PBXSourcesBuildPhase section */

/* Begin PBXVariantGroup section */
		3A17E6492B76AE93002EE2C1 /* LaunchScreen.storyboard */ = {
			isa = PBXVariantGroup;
			children = (
				3A17E64A2B76AE93002EE2C1 /* Base */,
			);
			name = LaunchScreen.storyboard;
			sourceTree = "<group>";
		};
/* End PBXVariantGroup section */

/* Begin XCBuildConfiguration section */
		3A17E64D2B76AE93002EE2C1 /* Debug */ = {
			isa = XCBuildConfiguration;
			buildSettings = {
				ALWAYS_SEARCH_USER_PATHS = NO;
				ASSETCATALOG_COMPILER_GENERATE_SWIFT_ASSET_SYMBOL_EXTENSIONS = YES;
				CLANG_ANALYZER_NONNULL = YES;
				CLANG_ANALYZER_NUMBER_OBJECT_CONVERSION = YES_AGGRESSIVE;
				CLANG_CXX_LANGUAGE_STANDARD = "gnu++20";
				CLANG_ENABLE_MODULES = YES;
				CLANG_ENABLE_OBJC_ARC = YES;
				CLANG_ENABLE_OBJC_WEAK = YES;
				CLANG_WARN_BLOCK_CAPTURE_AUTORELEASING = YES;
				CLANG_WARN_BOOL_CONVERSION = YES;
				CLANG_WARN_COMMA = YES;
				CLANG_WARN_CONSTANT_CONVERSION = YES;
				CLANG_WARN_DEPRECATED_OBJC_IMPLEMENTATIONS = YES;
				CLANG_WARN_DIRECT_OBJC_ISA_USAGE = YES_ERROR;
				CLANG_WARN_DOCUMENTATION_COMMENTS = YES;
				CLANG_WARN_EMPTY_BODY = YES;
				CLANG_WARN_ENUM_CONVERSION = YES;
				CLANG_WARN_INFINITE_RECURSION = YES;
				CLANG_WARN_INT_CONVERSION = YES;
				CLANG_WARN_NON_LITERAL_NULL_CONVERSION = YES;
				CLANG_WARN_OBJC_IMPLICIT_RETAIN_SELF = YES;
				CLANG_WARN_OBJC_LITERAL_CONVERSION = YES;
				CLANG_WARN_OBJC_ROOT_CLASS = YES_ERROR;
				CLANG_WARN_QUOTED_INCLUDE_IN_FRAMEWORK_HEADER = YES;
				CLANG_WARN_RANGE_LOOP_ANALYSIS = YES;
				CLANG_WARN_STRICT_PROTOTYPES = YES;
				CLANG_WARN_SUSPICIOUS_MOVE = YES;
				CLANG_WARN_UNGUARDED_AVAILABILITY = YES_AGGRESSIVE;
				CLANG_WARN_UNREACHABLE_CODE = YES;
				CLANG_WARN__DUPLICATE_METHOD_MATCH = YES;
				COPY_PHASE_STRIP = NO;
				DEBUG_INFORMATION_FORMAT = dwarf;
				ENABLE_STRICT_OBJC_MSGSEND = YES;
				ENABLE_TESTABILITY = YES;
				ENABLE_USER_SCRIPT_SANDBOXING = YES;
				GCC_C_LANGUAGE_STANDARD = gnu17;
				GCC_DYNAMIC_NO_PIC = NO;
				GCC_NO_COMMON_BLOCKS = YES;
				GCC_OPTIMIZATION_LEVEL = 0;
				GCC_PREPROCESSOR_DEFINITIONS = (
					"DEBUG=1",
					"$(inherited)",
				);
				GCC_WARN_64_TO_32_BIT_CONVERSION = YES;
				GCC_WARN_ABOUT_RETURN_TYPE = YES_ERROR;
				GCC_WARN_UNDECLARED_SELECTOR = YES;
				GCC_WARN_UNINITIALIZED_AUTOS = YES_AGGRESSIVE;
				GCC_WARN_UNUSED_FUNCTION = YES;
				GCC_WARN_UNUSED_VARIABLE = YES;
				IPHONEOS_DEPLOYMENT_TARGET = 17.2;
				LOCALIZATION_PREFERS_STRING_CATALOGS = YES;
				MTL_ENABLE_DEBUG_INFO = INCLUDE_SOURCE;
				MTL_FAST_MATH = YES;
				ONLY_ACTIVE_ARCH = YES;
				SDKROOT = iphoneos;
				SWIFT_ACTIVE_COMPILATION_CONDITIONS = "DEBUG $(inherited)";
				SWIFT_OPTIMIZATION_LEVEL = "-Onone";
			};
			name = Debug;
		};
		3A17E64E2B76AE93002EE2C1 /* Release */ = {
			isa = XCBuildConfiguration;
			buildSettings = {
				ALWAYS_SEARCH_USER_PATHS = NO;
				ASSETCATALOG_COMPILER_GENERATE_SWIFT_ASSET_SYMBOL_EXTENSIONS = YES;
				CLANG_ANALYZER_NONNULL = YES;
				CLANG_ANALYZER_NUMBER_OBJECT_CONVERSION = YES_AGGRESSIVE;
				CLANG_CXX_LANGUAGE_STANDARD = "gnu++20";
				CLANG_ENABLE_MODULES = YES;
				CLANG_ENABLE_OBJC_ARC = YES;
				CLANG_ENABLE_OBJC_WEAK = YES;
				CLANG_WARN_BLOCK_CAPTURE_AUTORELEASING = YES;
				CLANG_WARN_BOOL_CONVERSION = YES;
				CLANG_WARN_COMMA = YES;
				CLANG_WARN_CONSTANT_CONVERSION = YES;
				CLANG_WARN_DEPRECATED_OBJC_IMPLEMENTATIONS = YES;
				CLANG_WARN_DIRECT_OBJC_ISA_USAGE = YES_ERROR;
				CLANG_WARN_DOCUMENTATION_COMMENTS = YES;
				CLANG_WARN_EMPTY_BODY = YES;
				CLANG_WARN_ENUM_CONVERSION = YES;
				CLANG_WARN_INFINITE_RECURSION = YES;
				CLANG_WARN_INT_CONVERSION = YES;
				CLANG_WARN_NON_LITERAL_NULL_CONVERSION = YES;
				CLANG_WARN_OBJC_IMPLICIT_RETAIN_SELF = YES;
				CLANG_WARN_OBJC_LITERAL_CONVERSION = YES;
				CLANG_WARN_OBJC_ROOT_CLASS = YES_ERROR;
				CLANG_WARN_QUOTED_INCLUDE_IN_FRAMEWORK_HEADER = YES;
				CLANG_WARN_RANGE_LOOP_ANALYSIS = YES;
				CLANG_WARN_STRICT_PROTOTYPES = YES;
				CLANG_WARN_SUSPICIOUS_MOVE = YES;
				CLANG_WARN_UNGUARDED_AVAILABILITY = YES_AGGRESSIVE;
				CLANG_WARN_UNREACHABLE_CODE = YES;
				CLANG_WARN__DUPLICATE_METHOD_MATCH = YES;
				COPY_PHASE_STRIP = NO;
				DEBUG_INFORMATION_FORMAT = "dwarf-with-dsym";
				ENABLE_NS_ASSERTIONS = NO;
				ENABLE_STRICT_OBJC_MSGSEND = YES;
				ENABLE_USER_SCRIPT_SANDBOXING = YES;
				GCC_C_LANGUAGE_STANDARD = gnu17;
				GCC_NO_COMMON_BLOCKS = YES;
				GCC_WARN_64_TO_32_BIT_CONVERSION = YES;
				GCC_WARN_ABOUT_RETURN_TYPE = YES_ERROR;
				GCC_WARN_UNDECLARED_SELECTOR = YES;
				GCC_WARN_UNINITIALIZED_AUTOS = YES_AGGRESSIVE;
				GCC_WARN_UNUSED_FUNCTION = YES;
				GCC_WARN_UNUSED_VARIABLE = YES;
				IPHONEOS_DEPLOYMENT_TARGET = 17.2;
				LOCALIZATION_PREFERS_STRING_CATALOGS = YES;
				MTL_ENABLE_DEBUG_INFO = NO;
				MTL_FAST_MATH = YES;
				SDKROOT = iphoneos;
				SWIFT_COMPILATION_MODE = wholemodule;
				VALIDATE_PRODUCT = YES;
			};
			name = Release;
		};
		3A17E6502B76AE93002EE2C1 /* Debug */ = {
			isa = XCBuildConfiguration;
			buildSettings = {
				ASSETCATALOG_COMPILER_APPICON_NAME = AppIcon;
				ASSETCATALOG_COMPILER_GLOBAL_ACCENT_COLOR_NAME = AccentColor;
				CODE_SIGN_STYLE = Automatic;
				CURRENT_PROJECT_VERSION = 1;
				DEVELOPMENT_TEAM = 6SP8DWFZH2;
				GENERATE_INFOPLIST_FILE = YES;
				INFOPLIST_FILE = myfinance/Info.plist;
				INFOPLIST_KEY_UIApplicationSupportsIndirectInputEvents = YES;
				INFOPLIST_KEY_UILaunchStoryboardName = LaunchScreen;
				INFOPLIST_KEY_UISupportedInterfaceOrientations = "UIInterfaceOrientationLandscapeLeft UIInterfaceOrientationLandscapeRight UIInterfaceOrientationPortrait";
				INFOPLIST_KEY_UISupportedInterfaceOrientations_iPad = UIInterfaceOrientationPortrait;
				LD_RUNPATH_SEARCH_PATHS = (
					"$(inherited)",
					"@executable_path/Frameworks",
				);
				MARKETING_VERSION = 1.0;
				PRODUCT_BUNDLE_IDENTIFIER = com.viktorban.myfinance;
				PRODUCT_NAME = "$(TARGET_NAME)";
				SWIFT_EMIT_LOC_STRINGS = YES;
				SWIFT_VERSION = 5.0;
				TARGETED_DEVICE_FAMILY = "1,2";
			};
			name = Debug;
		};
		3A17E6512B76AE93002EE2C1 /* Release */ = {
			isa = XCBuildConfiguration;
			buildSettings = {
				ASSETCATALOG_COMPILER_APPICON_NAME = AppIcon;
				ASSETCATALOG_COMPILER_GLOBAL_ACCENT_COLOR_NAME = AccentColor;
				CODE_SIGN_STYLE = Automatic;
				CURRENT_PROJECT_VERSION = 1;
				DEVELOPMENT_TEAM = 6SP8DWFZH2;
				GENERATE_INFOPLIST_FILE = YES;
				INFOPLIST_FILE = myfinance/Info.plist;
				INFOPLIST_KEY_UIApplicationSupportsIndirectInputEvents = YES;
				INFOPLIST_KEY_UILaunchStoryboardName = LaunchScreen;
				INFOPLIST_KEY_UISupportedInterfaceOrientations = "UIInterfaceOrientationLandscapeLeft UIInterfaceOrientationLandscapeRight UIInterfaceOrientationPortrait";
				INFOPLIST_KEY_UISupportedInterfaceOrientations_iPad = UIInterfaceOrientationPortrait;
				LD_RUNPATH_SEARCH_PATHS = (
					"$(inherited)",
					"@executable_path/Frameworks",
				);
				MARKETING_VERSION = 1.0;
				PRODUCT_BUNDLE_IDENTIFIER = com.viktorban.myfinance;
				PRODUCT_NAME = "$(TARGET_NAME)";
				SWIFT_EMIT_LOC_STRINGS = YES;
				SWIFT_VERSION = 5.0;
				TARGETED_DEVICE_FAMILY = "1,2";
			};
			name = Release;
		};
/* End XCBuildConfiguration section */

/* Begin XCConfigurationList section */
		3A17E6362B76AE91002EE2C1 /* Build configuration list for PBXProject "myfinance" */ = {
			isa = XCConfigurationList;
			buildConfigurations = (
				3A17E64D2B76AE93002EE2C1 /* Debug */,
				3A17E64E2B76AE93002EE2C1 /* Release */,
			);
			defaultConfigurationIsVisible = 0;
			defaultConfigurationName = Release;
		};
		3A17E64F2B76AE93002EE2C1 /* Build configuration list for PBXNativeTarget "myfinance" */ = {
			isa = XCConfigurationList;
			buildConfigurations = (
				3A17E6502B76AE93002EE2C1 /* Debug */,
				3A17E6512B76AE93002EE2C1 /* Release */,
			);
			defaultConfigurationIsVisible = 0;
			defaultConfigurationName = Release;
		};
/* End XCConfigurationList section */

/* Begin XCRemoteSwiftPackageReference section */
		3A6749722B81118D00DF645C /* XCRemoteSwiftPackageReference "RxSwift" */ = {
			isa = XCRemoteSwiftPackageReference;
			repositoryURL = "https://github.com/ReactiveX/RxSwift.git";
			requirement = {
				kind = exactVersion;
				version = 6.6.0;
			};
		};
/* End XCRemoteSwiftPackageReference section */

/* Begin XCSwiftPackageProductDependency section */
		3A6749732B81118D00DF645C /* RxCocoa */ = {
			isa = XCSwiftPackageProductDependency;
			package = 3A6749722B81118D00DF645C /* XCRemoteSwiftPackageReference "RxSwift" */;
			productName = RxCocoa;
		};
		3A6749772B81118D00DF645C /* RxRelay */ = {
			isa = XCSwiftPackageProductDependency;
			package = 3A6749722B81118D00DF645C /* XCRemoteSwiftPackageReference "RxSwift" */;
			productName = RxRelay;
		};
		3A67497B2B81118D00DF645C /* RxSwift */ = {
			isa = XCSwiftPackageProductDependency;
			package = 3A6749722B81118D00DF645C /* XCRemoteSwiftPackageReference "RxSwift" */;
			productName = RxSwift;
		};
/* End XCSwiftPackageProductDependency section */
	};
	rootObject = 3A17E6332B76AE91002EE2C1 /* Project object */;
}
